
Microsoft Visual Studio Solution File, Format Version 12.00
# Visual Studio Version 16
VisualStudioVersion = 16.0.31019.35
MinimumVisualStudioVersion = 10.0.40219.1
Project("{FAE04EC0-301F-11D3-BF4B-00C04F79EFBC}") = "MicroComponents", "MicroComponents\MicroComponents.csproj", "{A01CD8E6-8F82-4046-9A98-688295DD541F}"
EndProject
Project("{FAE04EC0-301F-11D3-BF4B-00C04F79EFBC}") = "SimpleBlazorComponent", "SimpleBlazorComponent\SimpleBlazorComponent.csproj", "{4947F0C8-888B-4474-A1A8-08DA17DD8F4A}"
EndProject
Global
	GlobalSection(SolutionConfigurationPlatforms) = preSolution
		Debug|Any CPU = Debug|Any CPU
		Release|Any CPU = Release|Any CPU
	EndGlobalSection
	GlobalSection(ProjectConfigurationPlatforms) = postSolution
		{A01CD8E6-8F82-4046-9A98-688295DD541F}.Debug|Any CPU.ActiveCfg = Debug|Any CPU
		{A01CD8E6-8F82-4046-9A98-688295DD541F}.Debug|Any CPU.Build.0 = Debug|Any CPU
		{A01CD8E6-8F82-4046-9A98-688295DD541F}.Release|Any CPU.ActiveCfg = Release|Any CPU
		{A01CD8E6-8F82-4046-9A98-688295DD541F}.Release|Any CPU.Build.0 = Release|Any CPU
		{4947F0C8-888B-4474-A1A8-08DA17DD8F4A}.Debug|Any CPU.ActiveCfg = Debug|Any CPU
		{4947F0C8-888B-4474-A1A8-08DA17DD8F4A}.Debug|Any CPU.Build.0 = Debug|Any CPU
		{4947F0C8-888B-4474-A1A8-08DA17DD8F4A}.Release|Any CPU.ActiveCfg = Release|Any CPU
		{4947F0C8-888B-4474-A1A8-08DA17DD8F4A}.Release|Any CPU.Build.0 = Release|Any CPU
	EndGlobalSection
	GlobalSection(SolutionProperties) = preSolution
		HideSolutionNode = FALSE
	EndGlobalSection
	GlobalSection(ExtensibilityGlobals) = postSolution
		SolutionGuid = {23D59566-8697-469E-A83D-D4C3664C5762}
	EndGlobalSection
EndGlobal
